
Microsoft Visual Studio Solution File, Format Version 12.00
# Visual Studio Version 17
VisualStudioVersion = 17.3.32929.385
MinimumVisualStudioVersion = 10.0.40219.1
Project("{2150E333-8FDC-42A3-9474-1A3956D46DE8}") = "30 Shared", "30 Shared", "{D199133B-F2AA-4B29-B2CD-686A15ABB32A}"
EndProject
Project("{9A19103F-16F7-4668-BE54-9A1E7A4F7556}") = "NhnCommon.Shared", "NhnCommon.Shared\NhnCommon.Shared.csproj", "{23D3240D-DB6D-40C4-ADEB-155AFE8F1596}"
EndProject
Project("{9A19103F-16F7-4668-BE54-9A1E7A4F7556}") = "NhnCommon", "NhnCommon\NhnCommon.csproj", "{7C101F17-5E95-47E2-9004-662817C0D75D}"
EndProject
Project("{2150E333-8FDC-42A3-9474-1A3956D46DE8}") = "90 Presentation", "90 Presentation", "{514EED70-B1D1-45C6-BAB4-81C60772E0A8}"
EndProject
Project("{2150E333-8FDC-42A3-9474-1A3956D46DE8}") = "Tests", "Tests", "{D44F94BA-1F63-465F-9AD0-5E668909F246}"
EndProject
Project("{9A19103F-16F7-4668-BE54-9A1E7A4F7556}") = "NhnCommon.Tests", "NhnCommon.Tests\NhnCommon.Tests.csproj", "{29812478-AC52-431D-8778-A0CA42D45705}"
EndProject
Project("{FAE04EC0-301F-11D3-BF4B-00C04F79EFBC}") = "NhnCommon.Module.Authors", "NhnCommon.Module.Authors\NhnCommon.Module.Authors.csproj", "{F60F5AA7-440B-4DE1-A991-62D703508745}"
EndProject
Project("{FAE04EC0-301F-11D3-BF4B-00C04F79EFBC}") = "NhnCommon.DataModel.MongoDb", "NhnCommon.DataModel.MongoDb\NhnCommon.DataModel.MongoDb.csproj", "{690236C7-E9EB-40BB-8950-FE8A8738EEBD}"
EndProject
Project("{FAE04EC0-301F-11D3-BF4B-00C04F79EFBC}") = "NhnCommon.DataModel", "NhnCommon.DataModel\NhnCommon.DataModel.csproj", "{29AD2D0F-6738-4F14-B4A5-87B19CBAC7EE}"
EndProject
Project("{FAE04EC0-301F-11D3-BF4B-00C04F79EFBC}") = "NhnCommon.Module.Authors.Extensions", "NhnCommon.Module.Authors.Extensions\NhnCommon.Module.Authors.Extensions.csproj", "{AD732D17-2F79-458F-8B7A-A5F9CE3341B5}"
EndProject
Project("{2150E333-8FDC-42A3-9474-1A3956D46DE8}") = "60 Modules", "60 Modules", "{CE00BDB3-E38D-4DF4-994F-819991F10CF9}"
EndProject
Project("{2150E333-8FDC-42A3-9474-1A3956D46DE8}") = "40 ReadModel", "40 ReadModel", "{98CB6FE6-BE33-45B4-A606-4D267D31E261}"
EndProject
Project("{2150E333-8FDC-42A3-9474-1A3956D46DE8}") = "20 Infrastructure", "20 Infrastructure", "{155322E4-5C8D-4782-B4BD-FA95AEBBEC77}"
EndProject
Project("{2150E333-8FDC-42A3-9474-1A3956D46DE8}") = "Authors", "Authors", "{9968C6FF-9FB1-4298-B8C1-8C96F7A1CBEC}"
EndProject
Project("{2150E333-8FDC-42A3-9474-1A3956D46DE8}") = "Categories", "Categories", "{2F0750F9-35DF-4EB1-9795-1E4110C14B60}"
EndProject
Project("{FAE04EC0-301F-11D3-BF4B-00C04F79EFBC}") = "NhnCommon.Module.Categories", "NhnCommon.Module.Categories\NhnCommon.Module.Categories.csproj", "{949BB137-7BCB-4356-9E9C-27D7DF1B2B30}"
EndProject
Project("{FAE04EC0-301F-11D3-BF4B-00C04F79EFBC}") = "NhnCommon.Module.Categories.Extensions", "NhnCommon.Module.Categories.Extensions\NhnCommon.Module.Categories.Extensions.csproj", "{ECAE54A7-C702-46E5-B039-61CE03C1155B}"
EndProject
Project("{2150E333-8FDC-42A3-9474-1A3956D46DE8}") = "Shared", "Shared", "{1D6A9DA1-9FD6-47F6-9BC1-A7C5F406648A}"
EndProject
Project("{FAE04EC0-301F-11D3-BF4B-00C04F79EFBC}") = "NhnCommon.Module.Shared.Extensions", "NhnCommon.Module.Shared.Extensions\NhnCommon.Module.Shared.Extensions.csproj", "{73ECA32F-1CAA-4A1E-8618-6A0EF6AADA8D}"
EndProject
Global
	GlobalSection(SolutionConfigurationPlatforms) = preSolution
		Debug|Any CPU = Debug|Any CPU
		Release|Any CPU = Release|Any CPU
	EndGlobalSection
	GlobalSection(ProjectConfigurationPlatforms) = postSolution
		{23D3240D-DB6D-40C4-ADEB-155AFE8F1596}.Debug|Any CPU.ActiveCfg = Debug|Any CPU
		{23D3240D-DB6D-40C4-ADEB-155AFE8F1596}.Debug|Any CPU.Build.0 = Debug|Any CPU
		{23D3240D-DB6D-40C4-ADEB-155AFE8F1596}.Release|Any CPU.ActiveCfg = Release|Any CPU
		{23D3240D-DB6D-40C4-ADEB-155AFE8F1596}.Release|Any CPU.Build.0 = Release|Any CPU
		{7C101F17-5E95-47E2-9004-662817C0D75D}.Debug|Any CPU.ActiveCfg = Debug|Any CPU
		{7C101F17-5E95-47E2-9004-662817C0D75D}.Debug|Any CPU.Build.0 = Debug|Any CPU
		{7C101F17-5E95-47E2-9004-662817C0D75D}.Release|Any CPU.ActiveCfg = Release|Any CPU
		{7C101F17-5E95-47E2-9004-662817C0D75D}.Release|Any CPU.Build.0 = Release|Any CPU
		{29812478-AC52-431D-8778-A0CA42D45705}.Debug|Any CPU.ActiveCfg = Debug|Any CPU
		{29812478-AC52-431D-8778-A0CA42D45705}.Debug|Any CPU.Build.0 = Debug|Any CPU
		{29812478-AC52-431D-8778-A0CA42D45705}.Release|Any CPU.ActiveCfg = Release|Any CPU
		{29812478-AC52-431D-8778-A0CA42D45705}.Release|Any CPU.Build.0 = Release|Any CPU
		{F60F5AA7-440B-4DE1-A991-62D703508745}.Debug|Any CPU.ActiveCfg = Debug|Any CPU
		{F60F5AA7-440B-4DE1-A991-62D703508745}.Debug|Any CPU.Build.0 = Debug|Any CPU
		{F60F5AA7-440B-4DE1-A991-62D703508745}.Release|Any CPU.ActiveCfg = Release|Any CPU
		{F60F5AA7-440B-4DE1-A991-62D703508745}.Release|Any CPU.Build.0 = Release|Any CPU
		{690236C7-E9EB-40BB-8950-FE8A8738EEBD}.Debug|Any CPU.ActiveCfg = Debug|Any CPU
		{690236C7-E9EB-40BB-8950-FE8A8738EEBD}.Debug|Any CPU.Build.0 = Debug|Any CPU
		{690236C7-E9EB-40BB-8950-FE8A8738EEBD}.Release|Any CPU.ActiveCfg = Release|Any CPU
		{690236C7-E9EB-40BB-8950-FE8A8738EEBD}.Release|Any CPU.Build.0 = Release|Any CPU
		{29AD2D0F-6738-4F14-B4A5-87B19CBAC7EE}.Debug|Any CPU.ActiveCfg = Debug|Any CPU
		{29AD2D0F-6738-4F14-B4A5-87B19CBAC7EE}.Debug|Any CPU.Build.0 = Debug|Any CPU
		{29AD2D0F-6738-4F14-B4A5-87B19CBAC7EE}.Release|Any CPU.ActiveCfg = Release|Any CPU
		{29AD2D0F-6738-4F14-B4A5-87B19CBAC7EE}.Release|Any CPU.Build.0 = Release|Any CPU
		{AD732D17-2F79-458F-8B7A-A5F9CE3341B5}.Debug|Any CPU.ActiveCfg = Debug|Any CPU
		{AD732D17-2F79-458F-8B7A-A5F9CE3341B5}.Debug|Any CPU.Build.0 = Debug|Any CPU
		{AD732D17-2F79-458F-8B7A-A5F9CE3341B5}.Release|Any CPU.ActiveCfg = Release|Any CPU
		{AD732D17-2F79-458F-8B7A-A5F9CE3341B5}.Release|Any CPU.Build.0 = Release|Any CPU
		{949BB137-7BCB-4356-9E9C-27D7DF1B2B30}.Debug|Any CPU.ActiveCfg = Debug|Any CPU
		{949BB137-7BCB-4356-9E9C-27D7DF1B2B30}.Debug|Any CPU.Build.0 = Debug|Any CPU
		{949BB137-7BCB-4356-9E9C-27D7DF1B2B30}.Release|Any CPU.ActiveCfg = Release|Any CPU
		{949BB137-7BCB-4356-9E9C-27D7DF1B2B30}.Release|Any CPU.Build.0 = Release|Any CPU
		{ECAE54A7-C702-46E5-B039-61CE03C1155B}.Debug|Any CPU.ActiveCfg = Debug|Any CPU
		{ECAE54A7-C702-46E5-B039-61CE03C1155B}.Debug|Any CPU.Build.0 = Debug|Any CPU
		{ECAE54A7-C702-46E5-B039-61CE03C1155B}.Release|Any CPU.ActiveCfg = Release|Any CPU
		{ECAE54A7-C702-46E5-B039-61CE03C1155B}.Release|Any CPU.Build.0 = Release|Any CPU
		{73ECA32F-1CAA-4A1E-8618-6A0EF6AADA8D}.Debug|Any CPU.ActiveCfg = Debug|Any CPU
		{73ECA32F-1CAA-4A1E-8618-6A0EF6AADA8D}.Debug|Any CPU.Build.0 = Debug|Any CPU
		{73ECA32F-1CAA-4A1E-8618-6A0EF6AADA8D}.Release|Any CPU.ActiveCfg = Release|Any CPU
		{73ECA32F-1CAA-4A1E-8618-6A0EF6AADA8D}.Release|Any CPU.Build.0 = Release|Any CPU
	EndGlobalSection
	GlobalSection(SolutionProperties) = preSolution
		HideSolutionNode = FALSE
	EndGlobalSection
	GlobalSection(NestedProjects) = preSolution
		{23D3240D-DB6D-40C4-ADEB-155AFE8F1596} = {D199133B-F2AA-4B29-B2CD-686A15ABB32A}
		{7C101F17-5E95-47E2-9004-662817C0D75D} = {514EED70-B1D1-45C6-BAB4-81C60772E0A8}
		{D44F94BA-1F63-465F-9AD0-5E668909F246} = {514EED70-B1D1-45C6-BAB4-81C60772E0A8}
		{29812478-AC52-431D-8778-A0CA42D45705} = {D44F94BA-1F63-465F-9AD0-5E668909F246}
		{29AD2D0F-6738-4F14-B4A5-87B19CBAC7EE} = {98CB6FE6-BE33-45B4-A606-4D267D31E261}
		{690236C7-E9EB-40BB-8950-FE8A8738EEBD} = {155322E4-5C8D-4782-B4BD-FA95AEBBEC77}
		{9968C6FF-9FB1-4298-B8C1-8C96F7A1CBEC} = {CE00BDB3-E38D-4DF4-994F-819991F10CF9}
		{AD732D17-2F79-458F-8B7A-A5F9CE3341B5} = {9968C6FF-9FB1-4298-B8C1-8C96F7A1CBEC}
		{F60F5AA7-440B-4DE1-A991-62D703508745} = {9968C6FF-9FB1-4298-B8C1-8C96F7A1CBEC}
		{2F0750F9-35DF-4EB1-9795-1E4110C14B60} = {CE00BDB3-E38D-4DF4-994F-819991F10CF9}
		{949BB137-7BCB-4356-9E9C-27D7DF1B2B30} = {2F0750F9-35DF-4EB1-9795-1E4110C14B60}
		{ECAE54A7-C702-46E5-B039-61CE03C1155B} = {2F0750F9-35DF-4EB1-9795-1E4110C14B60}
		{1D6A9DA1-9FD6-47F6-9BC1-A7C5F406648A} = {CE00BDB3-E38D-4DF4-994F-819991F10CF9}
		{73ECA32F-1CAA-4A1E-8618-6A0EF6AADA8D} = {1D6A9DA1-9FD6-47F6-9BC1-A7C5F406648A}
	EndGlobalSection
	GlobalSection(ExtensibilityGlobals) = postSolution
		SolutionGuid = {CEA4B668-5945-4EBD-BFA7-4DAF9BA5F223}
	EndGlobalSection
EndGlobal
